<?xml version="1.0" encoding="utf-8"?>
<Project ToolsVersion="4.0" xmlns="http://schemas.microsoft.com/developer/msbuild/2003">
  <ItemGroup>
    <Filter Include="소스 파일">
      <UniqueIdentifier>{4FC737F1-C7A5-4376-A066-2A32D752A2FF}</UniqueIdentifier>
      <Extensions>cpp;c;cc;cxx;def;odl;idl;hpj;bat;asm;asmx</Extensions>
    </Filter>
    <Filter Include="헤더 파일">
      <UniqueIdentifier>{93995380-89BD-4b04-88EB-625FBE52EBFB}</UniqueIdentifier>
      <Extensions>h;hh;hpp;hxx;hm;inl;inc;ipp;xsd</Extensions>
    </Filter>
    <Filter Include="리소스 파일">
      <UniqueIdentifier>{67DA6AB6-F800-4c08-8B7A-83BB121AAD01}</UniqueIdentifier>
      <Extensions>rc;ico;cur;bmp;dlg;rc2;rct;bin;rgs;gif;jpg;jpeg;jpe;resx;tiff;tif;png;wav;mfcribbon-ms</Extensions>
    </Filter>
    <Filter Include="소스 파일\3. 알고리즘">
      <UniqueIdentifier>{a88843e5-96f1-4755-a93a-2fb3313d5950}</UniqueIdentifier>
    </Filter>
    <Filter Include="소스 파일\3. 알고리즘\집합">
      <UniqueIdentifier>{10ce93d7-8abe-4452-a1d1-c4977814594c}</UniqueIdentifier>
    </Filter>
    <Filter Include="소스 파일\3. 알고리즘\구현">
      <UniqueIdentifier>{47912f31-4356-48d4-85ed-aad7dea64a08}</UniqueIdentifier>
    </Filter>
    <Filter Include="소스 파일\3. 알고리즘\수학">
      <UniqueIdentifier>{6fd54e4c-f0de-4a7a-98ba-8da7fd73805b}</UniqueIdentifier>
    </Filter>
    <Filter Include="소스 파일\3. 알고리즘\Segment tree">
      <UniqueIdentifier>{22d3ef60-65f4-4b9e-a39f-ced1bbb8f7e1}</UniqueIdentifier>
    </Filter>
    <Filter Include="소스 파일\3. 알고리즘\Permutation">
      <UniqueIdentifier>{cc210b79-5483-42f3-9e0e-d480f34587ee}</UniqueIdentifier>
    </Filter>
    <Filter Include="소스 파일\3. 알고리즘\정렬">
      <UniqueIdentifier>{7c211187-ec5e-4d6e-8ce2-50eb8f372cab}</UniqueIdentifier>
    </Filter>
    <Filter Include="소스 파일\3. 알고리즘\programmers">
      <UniqueIdentifier>{1e456dd5-c316-4a84-aa74-e82f49127c14}</UniqueIdentifier>
    </Filter>
    <Filter Include="소스 파일\3. 알고리즘\정렬\stl::sort">
      <UniqueIdentifier>{110a8301-68e2-4210-aa94-103c14463e8c}</UniqueIdentifier>
    </Filter>
    <Filter Include="소스 파일\3. 알고리즘\정렬\카운팅">
      <UniqueIdentifier>{ad74c246-ca01-469e-94d1-23b23c853a49}</UniqueIdentifier>
    </Filter>
    <Filter Include="소스 파일\3. 알고리즘\완전 정복">
      <UniqueIdentifier>{7bd592f7-0fd3-4648-99f1-b18f278f9bbc}</UniqueIdentifier>
    </Filter>
    <Filter Include="소스 파일\4. 기본기">
      <UniqueIdentifier>{8e338ad4-1fc2-4811-83e3-4bc9f1901c99}</UniqueIdentifier>
    </Filter>
    <Filter Include="소스 파일\3. 알고리즘\분할 정복">
      <UniqueIdentifier>{06539203-960b-4a3f-8824-f0dc40d344c9}</UniqueIdentifier>
    </Filter>
    <Filter Include="소스 파일\3. 알고리즘\행렬">
      <UniqueIdentifier>{d06e20b5-d683-4512-b38b-ac59bd1a5cac}</UniqueIdentifier>
    </Filter>
    <Filter Include="소스 파일\3. 알고리즘\리스트">
      <UniqueIdentifier>{b00095c8-82b4-4ec2-9044-70cf2e51a134}</UniqueIdentifier>
    </Filter>
    <Filter Include="소스 파일\3. 알고리즘\힙">
      <UniqueIdentifier>{501c98d3-8c0b-460c-8433-5e492736debe}</UniqueIdentifier>
    </Filter>
    <Filter Include="소스 파일\3. 알고리즘\해시">
      <UniqueIdentifier>{3aa1d32c-12bb-4480-a6e3-4eda0987438a}</UniqueIdentifier>
    </Filter>
    <Filter Include="소스 파일\3. 알고리즘\그래프">
      <UniqueIdentifier>{d0a8a07c-5636-4178-950e-ebf884d91341}</UniqueIdentifier>
    </Filter>
    <Filter Include="소스 파일\3. 알고리즘\그래프\서클 찾기">
      <UniqueIdentifier>{5b972f7d-9bef-4bfa-ba61-9282009459ff}</UniqueIdentifier>
    </Filter>
    <Filter Include="소스 파일\3. 알고리즘\그래프\기본">
      <UniqueIdentifier>{861c6ba4-ea82-4a5c-afd0-b24ffa48bc18}</UniqueIdentifier>
    </Filter>
    <Filter Include="소스 파일\3. 알고리즘\그래프\백트래킹">
      <UniqueIdentifier>{616e56dc-3fb0-483b-b9f3-a3ce519ff275}</UniqueIdentifier>
    </Filter>
    <Filter Include="소스 파일\3. 알고리즘\그래프\백트래킹\기본">
      <UniqueIdentifier>{d6a6f63e-beac-46f2-b3e6-796cb540f22d}</UniqueIdentifier>
    </Filter>
    <Filter Include="소스 파일\3. 알고리즘\그래프\연결 성분">
      <UniqueIdentifier>{e52d3ae1-42b6-42bd-9e2c-bcaaf48cb277}</UniqueIdentifier>
    </Filter>
    <Filter Include="소스 파일\3. 알고리즘\그래프\위상 정렬">
      <UniqueIdentifier>{73d3e226-daad-43aa-b4bc-a30f32b0fd15}</UniqueIdentifier>
    </Filter>
    <Filter Include="소스 파일\3. 알고리즘\다이나믹 프로그래밍">
      <UniqueIdentifier>{59a0c17d-230f-49f4-8322-96ef3ae61378}</UniqueIdentifier>
    </Filter>
    <Filter Include="소스 파일\3. 알고리즘\다이나믹 프로그래밍\Array">
      <UniqueIdentifier>{48374aaf-b760-41b9-902e-a1af7716feea}</UniqueIdentifier>
    </Filter>
    <Filter Include="소스 파일\3. 알고리즘\다이나믹 프로그래밍\Recursion">
      <UniqueIdentifier>{8039244c-587c-4216-9e3b-ee190ad42aee}</UniqueIdentifier>
    </Filter>
    <Filter Include="소스 파일\3. 알고리즘\다이나믹 프로그래밍\부분수열">
      <UniqueIdentifier>{5881f1ea-1f02-4995-b5e5-e3a6ff275071}</UniqueIdentifier>
    </Filter>
    <Filter Include="소스 파일\3. 알고리즘\이분 탐색">
      <UniqueIdentifier>{cb2a8ee7-6e90-4a5a-9f91-a8a844b887b0}</UniqueIdentifier>
    </Filter>
    <Filter Include="소스 파일\3. 알고리즘\문자열">
      <UniqueIdentifier>{ba126914-d673-4799-9d49-d2b1332a9076}</UniqueIdentifier>
    </Filter>
    <Filter Include="소스 파일\3. 알고리즘\그래프\플로이드-와샬">
      <UniqueIdentifier>{ede3fc19-c2e7-4910-a354-c0ccb7cee970}</UniqueIdentifier>
    </Filter>
    <Filter Include="소스 파일\3. 알고리즘\그래프\다익스트라">
      <UniqueIdentifier>{78a0d76a-1d09-4b6e-bf26-4507303d03b3}</UniqueIdentifier>
    </Filter>
    <Filter Include="소스 파일\3. 알고리즘\수학\공배수/약수">
      <UniqueIdentifier>{78399309-b199-45a0-b963-ca1cf9fb8ef9}</UniqueIdentifier>
    </Filter>
    <Filter Include="소스 파일\3. 알고리즘\수학\소수">
      <UniqueIdentifier>{77717769-beec-48a2-9d8b-2187229734bc}</UniqueIdentifier>
    </Filter>
    <Filter Include="소스 파일\3. 알고리즘\그래프\DFS">
      <UniqueIdentifier>{30af0055-4f4f-4942-b0df-80cc2c440909}</UniqueIdentifier>
    </Filter>
    <Filter Include="소스 파일\3. 알고리즘\그래프\BFS">
      <UniqueIdentifier>{6d45d130-6bf7-44dc-ae84-5b083764ab3a}</UniqueIdentifier>
    </Filter>
    <Filter Include="소스 파일\카카오">
      <UniqueIdentifier>{441d13cb-9c47-4908-9581-83c56d1f3f27}</UniqueIdentifier>
    </Filter>
    <Filter Include="소스 파일\3. 알고리즘\이분매칭">
      <UniqueIdentifier>{0263a7aa-993a-4920-ac2b-d3eaaa960e37}</UniqueIdentifier>
    </Filter>
    <Filter Include="소스 파일\3. 알고리즘\스택">
      <UniqueIdentifier>{499bd51b-7447-4a6b-821a-763dc6345059}</UniqueIdentifier>
    </Filter>
    <Filter Include="소스 파일\3. 알고리즘\그리디">
      <UniqueIdentifier>{d6763923-26b6-4159-8f34-4c6d79a9bac9}</UniqueIdentifier>
    </Filter>
    <Filter Include="소스 파일\3. 알고리즘\분할 정복\히스토그램">
      <UniqueIdentifier>{cc18a530-4ed8-4f45-90a6-569a0e9fcc5d}</UniqueIdentifier>
    </Filter>
    <Filter Include="소스 파일\3. 알고리즘\큐">
      <UniqueIdentifier>{2272d4e6-0112-4de9-8e64-9bc156c1db18}</UniqueIdentifier>
    </Filter>
    <Filter Include="소스 파일\3. 알고리즘\큐\우선순위 큐">
      <UniqueIdentifier>{66a54e02-a2db-400b-851f-77f63b0163ee}</UniqueIdentifier>
    </Filter>
    <Filter Include="소스 파일\3. 알고리즘\Segment tree\Inversion Counting">
      <UniqueIdentifier>{e4f87685-0b89-4271-b002-1b6593133ae9}</UniqueIdentifier>
    </Filter>
  </ItemGroup>
  <ItemGroup>
    <ClCompile Include="2609.cpp">
      <Filter>소스 파일\3. 알고리즘\수학\공배수/약수</Filter>
    </ClCompile>
    <ClCompile Include="10816.cpp">
      <Filter>소스 파일\3. 알고리즘\해시</Filter>
    </ClCompile>
    <ClCompile Include="1715.cpp">
      <Filter>소스 파일\3. 알고리즘\힙</Filter>
    </ClCompile>
    <ClCompile Include="6603.cpp">
      <Filter>소스 파일\3. 알고리즘\집합</Filter>
    </ClCompile>
    <ClCompile Include="14681.cpp">
      <Filter>소스 파일\3. 알고리즘\수학</Filter>
    </ClCompile>
    <ClCompile Include="9613.cpp">
      <Filter>소스 파일\3. 알고리즘\수학\공배수/약수</Filter>
    </ClCompile>
    <ClCompile Include="1978.cpp">
      <Filter>소스 파일\3. 알고리즘\수학\소수</Filter>
    </ClCompile>
    <ClCompile Include="7576.cpp">
      <Filter>소스 파일\3. 알고리즘\그래프\DFS</Filter>
    </ClCompile>
    <ClCompile Include="2644.cpp">
      <Filter>소스 파일\3. 알고리즘\그래프\DFS</Filter>
    </ClCompile>
    <ClCompile Include="12100.cpp">
      <Filter>소스 파일\3. 알고리즘\그래프\백트래킹</Filter>
    </ClCompile>
    <ClCompile Include="1260.cpp">
      <Filter>소스 파일\3. 알고리즘\그래프\기본</Filter>
    </ClCompile>
    <ClCompile Include="2668.cpp">
      <Filter>소스 파일\3. 알고리즘\그래프\서클 찾기</Filter>
    </ClCompile>
    <ClCompile Include="7569.cpp">
      <Filter>소스 파일\3. 알고리즘\그래프\DFS</Filter>
    </ClCompile>
    <ClCompile Include="5014.cpp">
      <Filter>소스 파일\3. 알고리즘\그래프\DFS</Filter>
    </ClCompile>
    <ClCompile Include="1697.cpp">
      <Filter>소스 파일\3. 알고리즘\그래프\DFS</Filter>
    </ClCompile>
    <ClCompile Include="2667.cpp">
      <Filter>소스 파일\3. 알고리즘\그래프\연결 성분</Filter>
    </ClCompile>
    <ClCompile Include="11724.cpp">
      <Filter>소스 파일\3. 알고리즘\그래프\연결 성분</Filter>
    </ClCompile>
    <ClCompile Include="15652.cpp">
      <Filter>소스 파일\3. 알고리즘\그래프\백트래킹</Filter>
    </ClCompile>
    <ClCompile Include="14502.cpp">
      <Filter>소스 파일\3. 알고리즘\그래프\백트래킹</Filter>
    </ClCompile>
    <ClCompile Include="15649.cpp">
      <Filter>소스 파일\3. 알고리즘\그래프\백트래킹\기본</Filter>
    </ClCompile>
    <ClCompile Include="15650.cpp">
      <Filter>소스 파일\3. 알고리즘\그래프\백트래킹\기본</Filter>
    </ClCompile>
    <ClCompile Include="15651.cpp">
      <Filter>소스 파일\3. 알고리즘\그래프\백트래킹\기본</Filter>
    </ClCompile>
    <ClCompile Include="15654.cpp">
      <Filter>소스 파일\3. 알고리즘\그래프\백트래킹\기본</Filter>
    </ClCompile>
    <ClCompile Include="15655.cpp">
      <Filter>소스 파일\3. 알고리즘\그래프\백트래킹\기본</Filter>
    </ClCompile>
    <ClCompile Include="15656.cpp">
      <Filter>소스 파일\3. 알고리즘\그래프\백트래킹\기본</Filter>
    </ClCompile>
    <ClCompile Include="14503.cpp">
      <Filter>소스 파일\3. 알고리즘\구현</Filter>
    </ClCompile>
    <ClCompile Include="2252.cpp">
      <Filter>소스 파일\3. 알고리즘\그래프\위상 정렬</Filter>
    </ClCompile>
    <ClCompile Include="5430.cpp">
      <Filter>소스 파일\3. 알고리즘\리스트</Filter>
    </ClCompile>
    <ClCompile Include="15965.cpp">
      <Filter>소스 파일\3. 알고리즘\수학\소수</Filter>
    </ClCompile>
    <ClCompile Include="10829.cpp">
      <Filter>소스 파일\3. 알고리즘\구현</Filter>
    </ClCompile>
    <ClCompile Include="13199.cpp">
      <Filter>소스 파일\3. 알고리즘\구현</Filter>
    </ClCompile>
    <ClCompile Include="2661.cpp">
      <Filter>소스 파일\3. 알고리즘\문자열</Filter>
    </ClCompile>
    <ClCompile Include="1655.cpp">
      <Filter>소스 파일\3. 알고리즘\큐</Filter>
    </ClCompile>
    <ClCompile Include="2696.cpp">
      <Filter>소스 파일\3. 알고리즘\큐</Filter>
    </ClCompile>
    <ClCompile Include="3197.cpp">
      <Filter>소스 파일\3. 알고리즘\그래프\기본</Filter>
    </ClCompile>
    <ClCompile Include="10830.cpp">
      <Filter>소스 파일\3. 알고리즘\행렬</Filter>
    </ClCompile>
    <ClCompile Include="2933.cpp">
      <Filter>소스 파일\3. 알고리즘\그래프\기본</Filter>
    </ClCompile>
    <ClCompile Include="2042 기본형.cpp">
      <Filter>소스 파일\3. 알고리즘\Segment tree</Filter>
    </ClCompile>
    <ClCompile Include="10999.cpp">
      <Filter>소스 파일\3. 알고리즘\Segment tree</Filter>
    </ClCompile>
    <ClCompile Include="11505.cpp">
      <Filter>소스 파일\3. 알고리즘\Segment tree</Filter>
    </ClCompile>
    <ClCompile Include="11098.cpp">
      <Filter>소스 파일\3. 알고리즘\구현</Filter>
    </ClCompile>
    <ClCompile Include="Hash%281%29 - 완주하지 못한 선수.cpp">
      <Filter>소스 파일\3. 알고리즘\programmers</Filter>
    </ClCompile>
    <ClCompile Include="Sort%281%29 - K번째 수.cpp">
      <Filter>소스 파일\3. 알고리즘\programmers</Filter>
    </ClCompile>
    <ClCompile Include="Sort%282%29 - 가장 큰 수.cpp">
      <Filter>소스 파일\3. 알고리즘\programmers</Filter>
    </ClCompile>
    <ClCompile Include="5615.cpp">
      <Filter>소스 파일\3. 알고리즘\문자열</Filter>
    </ClCompile>
    <ClCompile Include="1005.cpp">
      <Filter>소스 파일\3. 알고리즘\그래프\위상 정렬</Filter>
    </ClCompile>
    <ClCompile Include="2751.cpp">
      <Filter>소스 파일\3. 알고리즘\정렬\stl::sort</Filter>
    </ClCompile>
    <ClCompile Include="11650.cpp">
      <Filter>소스 파일\3. 알고리즘\정렬\stl::sort</Filter>
    </ClCompile>
    <ClCompile Include="11651.cpp">
      <Filter>소스 파일\3. 알고리즘\정렬\stl::sort</Filter>
    </ClCompile>
    <ClCompile Include="10814.cpp">
      <Filter>소스 파일\3. 알고리즘\정렬\stl::sort</Filter>
    </ClCompile>
    <ClCompile Include="10825.cpp">
      <Filter>소스 파일\3. 알고리즘\정렬\stl::sort</Filter>
    </ClCompile>
    <ClCompile Include="10989.cpp">
      <Filter>소스 파일\3. 알고리즘\정렬\카운팅</Filter>
    </ClCompile>
    <ClCompile Include="11652.cpp">
      <Filter>소스 파일\3. 알고리즘\정렬\카운팅</Filter>
    </ClCompile>
    <ClCompile Include="1712.cpp">
      <Filter>소스 파일\3. 알고리즘\수학</Filter>
    </ClCompile>
    <ClCompile Include="2480.cpp">
      <Filter>소스 파일\3. 알고리즘\수학</Filter>
    </ClCompile>
    <ClCompile Include="1018.cpp">
      <Filter>소스 파일\3. 알고리즘\완전 정복</Filter>
    </ClCompile>
    <ClCompile Include="1436.cpp">
      <Filter>소스 파일\3. 알고리즘\완전 정복</Filter>
    </ClCompile>
    <ClCompile Include="1152.cpp">
      <Filter>소스 파일\3. 알고리즘\구현</Filter>
    </ClCompile>
    <ClCompile Include="2563.cpp">
      <Filter>소스 파일\3. 알고리즘\구현</Filter>
    </ClCompile>
    <ClCompile Include="9012.cpp">
      <Filter>소스 파일\3. 알고리즘\스택</Filter>
    </ClCompile>
    <ClCompile Include="10799.cpp">
      <Filter>소스 파일\3. 알고리즘\스택</Filter>
    </ClCompile>
    <ClCompile Include="10866 - cmd.cpp">
      <Filter>소스 파일\3. 알고리즘\리스트</Filter>
    </ClCompile>
    <ClCompile Include="1259.cpp">
      <Filter>소스 파일\3. 알고리즘\구현</Filter>
    </ClCompile>
    <ClCompile Include="2164.cpp">
      <Filter>소스 파일\3. 알고리즘\구현</Filter>
    </ClCompile>
    <ClCompile Include="2108 - 통계.cpp">
      <Filter>소스 파일\4. 기본기</Filter>
    </ClCompile>
    <ClCompile Include="10845 - 커맨드.cpp">
      <Filter>소스 파일\4. 기본기</Filter>
    </ClCompile>
    <ClCompile Include="4949.cpp">
      <Filter>소스 파일\3. 알고리즘\스택</Filter>
    </ClCompile>
    <ClCompile Include="10773.cpp">
      <Filter>소스 파일\3. 알고리즘\스택</Filter>
    </ClCompile>
    <ClCompile Include="2798.cpp">
      <Filter>소스 파일\3. 알고리즘\완전 정복</Filter>
    </ClCompile>
    <ClCompile Include="1011.cpp">
      <Filter>소스 파일\3. 알고리즘\수학</Filter>
    </ClCompile>
    <ClCompile Include="3009.cpp">
      <Filter>소스 파일\3. 알고리즘\수학</Filter>
    </ClCompile>
    <ClCompile Include="1107.cpp">
      <Filter>소스 파일\3. 알고리즘\구현</Filter>
    </ClCompile>
    <ClCompile Include="10826 - 피보나치.cpp">
      <Filter>소스 파일\3. 알고리즘\문자열</Filter>
    </ClCompile>
    <ClCompile Include="1920.cpp">
      <Filter>소스 파일\3. 알고리즘\이분 탐색</Filter>
    </ClCompile>
    <ClCompile Include="2512.cpp">
      <Filter>소스 파일\3. 알고리즘\이분 탐색</Filter>
    </ClCompile>
    <ClCompile Include="2805 - 기초 이론.cpp">
      <Filter>소스 파일\3. 알고리즘\이분 탐색</Filter>
    </ClCompile>
    <ClCompile Include="2343 - 다시 풀어보기.cpp">
      <Filter>소스 파일\3. 알고리즘\이분 탐색</Filter>
    </ClCompile>
    <ClCompile Include="15829.cpp">
      <Filter>소스 파일\3. 알고리즘\문자열</Filter>
    </ClCompile>
    <ClCompile Include="2845 - B5.cpp">
      <Filter>소스 파일\3. 알고리즘\구현</Filter>
    </ClCompile>
    <ClCompile Include="1753 - G5.cpp">
      <Filter>소스 파일\3. 알고리즘\그래프\다익스트라</Filter>
    </ClCompile>
    <ClCompile Include="1916 - G5.cpp">
      <Filter>소스 파일\3. 알고리즘\그래프\다익스트라</Filter>
    </ClCompile>
    <ClCompile Include="1252.cpp">
      <Filter>소스 파일\3. 알고리즘\구현</Filter>
    </ClCompile>
    <ClCompile Include="1036 - G1 - 이거 해야함.cpp">
      <Filter>소스 파일\3. 알고리즘\수학</Filter>
    </ClCompile>
    <ClCompile Include="9251 - LCS - G1.cpp">
      <Filter>소스 파일\3. 알고리즘\다이나믹 프로그래밍\Array</Filter>
    </ClCompile>
    <ClCompile Include="1912 - 연속합 - S2.cpp">
      <Filter>소스 파일\3. 알고리즘\다이나믹 프로그래밍\Array</Filter>
    </ClCompile>
    <ClCompile Include="2011 - 암호코드 - S1.cpp">
      <Filter>소스 파일\3. 알고리즘\다이나믹 프로그래밍\Array</Filter>
    </ClCompile>
    <ClCompile Include="2133 - 타일 채우기 - S1.cpp">
      <Filter>소스 파일\3. 알고리즘\다이나믹 프로그래밍\Array</Filter>
    </ClCompile>
    <ClCompile Include="2156 - 포도주 시식 - S1.cpp">
      <Filter>소스 파일\3. 알고리즘\다이나믹 프로그래밍\Array</Filter>
    </ClCompile>
    <ClCompile Include="2193 - 이친수 - S3.cpp">
      <Filter>소스 파일\3. 알고리즘\다이나믹 프로그래밍\Array</Filter>
    </ClCompile>
    <ClCompile Include="2225 - 합분해 - G5.cpp">
      <Filter>소스 파일\3. 알고리즘\다이나믹 프로그래밍\Array</Filter>
    </ClCompile>
    <ClCompile Include="2579 - 계단 오르기 - S3.cpp">
      <Filter>소스 파일\3. 알고리즘\다이나믹 프로그래밍\Array</Filter>
    </ClCompile>
    <ClCompile Include="4883 - 삼각 그래프 - S1.cpp">
      <Filter>소스 파일\3. 알고리즘\다이나믹 프로그래밍\Array</Filter>
    </ClCompile>
    <ClCompile Include="9095 - 1, 2, 3 더하기 - S3.cpp">
      <Filter>소스 파일\3. 알고리즘\다이나믹 프로그래밍\Array</Filter>
    </ClCompile>
    <ClCompile Include="9461 - 파도반 수열 - S3.cpp">
      <Filter>소스 파일\3. 알고리즘\다이나믹 프로그래밍\Array</Filter>
    </ClCompile>
    <ClCompile Include="9465 - 스티커 - S2.cpp">
      <Filter>소스 파일\3. 알고리즘\다이나믹 프로그래밍\Array</Filter>
    </ClCompile>
    <ClCompile Include="10844 - 쉬운 계단 수 - S1.cpp">
      <Filter>소스 파일\3. 알고리즘\다이나믹 프로그래밍\Array</Filter>
    </ClCompile>
    <ClCompile Include="11049 - 행렬 곱셈 순서 - S3.cpp">
      <Filter>소스 파일\3. 알고리즘\다이나믹 프로그래밍\Array</Filter>
    </ClCompile>
    <ClCompile Include="11052 - 카드 구매하기 - S1.cpp">
      <Filter>소스 파일\3. 알고리즘\다이나믹 프로그래밍\Array</Filter>
    </ClCompile>
    <ClCompile Include="11057 - 오르막 수 - S1.cpp">
      <Filter>소스 파일\3. 알고리즘\다이나믹 프로그래밍\Array</Filter>
    </ClCompile>
    <ClCompile Include="11333 - 4xn 타일링 - G2.cpp">
      <Filter>소스 파일\3. 알고리즘\다이나믹 프로그래밍\Array</Filter>
    </ClCompile>
    <ClCompile Include="11726 - 2xn 타일링 - S3.cpp">
      <Filter>소스 파일\3. 알고리즘\다이나믹 프로그래밍\Array</Filter>
    </ClCompile>
    <ClCompile Include="11727 - 2xn 타일링2 - S3.cpp">
      <Filter>소스 파일\3. 알고리즘\다이나믹 프로그래밍\Array</Filter>
    </ClCompile>
    <ClCompile Include="12865 - 냅색 - G5.cpp">
      <Filter>소스 파일\3. 알고리즘\다이나믹 프로그래밍\Array</Filter>
    </ClCompile>
    <ClCompile Include="1463 - 1로 만들기 - S3.cpp">
      <Filter>소스 파일\3. 알고리즘\다이나믹 프로그래밍\Recursion</Filter>
    </ClCompile>
    <ClCompile Include="1699 - 제곱수의 합 - S3.cpp">
      <Filter>소스 파일\3. 알고리즘\다이나믹 프로그래밍\Recursion</Filter>
    </ClCompile>
    <ClCompile Include="1664 - 주민등록 번호 - 미정.cpp">
      <Filter>소스 파일\3. 알고리즘\다이나믹 프로그래밍\부분수열</Filter>
    </ClCompile>
    <ClCompile Include="1806 - 부분합 - G4.cpp">
      <Filter>소스 파일\3. 알고리즘\다이나믹 프로그래밍\부분수열</Filter>
    </ClCompile>
    <ClCompile Include="11053 - LIS - S2.cpp">
      <Filter>소스 파일\3. 알고리즘\다이나믹 프로그래밍\부분수열</Filter>
    </ClCompile>
    <ClCompile Include="11054 - 가장 긴 바이토닉 부분 순열 - G3.cpp">
      <Filter>소스 파일\3. 알고리즘\다이나믹 프로그래밍\부분수열</Filter>
    </ClCompile>
    <ClCompile Include="11055 - LBS - S2.cpp">
      <Filter>소스 파일\3. 알고리즘\다이나믹 프로그래밍\부분수열</Filter>
    </ClCompile>
    <ClCompile Include="11722 - LDS - S2.cpp">
      <Filter>소스 파일\3. 알고리즘\다이나믹 프로그래밍\부분수열</Filter>
    </ClCompile>
    <ClCompile Include="12015 - LIS2 - G2.cpp">
      <Filter>소스 파일\3. 알고리즘\다이나믹 프로그래밍\부분수열</Filter>
    </ClCompile>
    <ClCompile Include="12738 - LIS3 - G2.cpp">
      <Filter>소스 파일\3. 알고리즘\다이나믹 프로그래밍\부분수열</Filter>
    </ClCompile>
    <ClCompile Include="9252 - LCS2 - G5.cpp">
      <Filter>소스 파일\3. 알고리즘\다이나믹 프로그래밍\Array</Filter>
    </ClCompile>
    <ClCompile Include="1019 - 책 페이지 - G1.cpp">
      <Filter>소스 파일\3. 알고리즘\수학</Filter>
    </ClCompile>
    <ClCompile Include="14889 - 스타트와 링크 - S3.cpp">
      <Filter>소스 파일\3. 알고리즘\그래프\백트래킹</Filter>
    </ClCompile>
    <ClCompile Include="15686 - 치킨 배달 - G5.cpp">
      <Filter>소스 파일\3. 알고리즘\그래프\백트래킹</Filter>
    </ClCompile>
    <ClCompile Include="2580 - 스도쿠 - G4 - 다시 풀어보기.cpp">
      <Filter>소스 파일\3. 알고리즘\그래프\백트래킹</Filter>
    </ClCompile>
    <ClCompile Include="13458 - 시험감독 - B2.cpp">
      <Filter>소스 파일\3. 알고리즘\구현</Filter>
    </ClCompile>
    <ClCompile Include="11653 - 소인수분해.cpp">
      <Filter>소스 파일\3. 알고리즘\수학\소수</Filter>
    </ClCompile>
    <ClCompile Include="6588 - 골드바흐의 추측 - S1.cpp">
      <Filter>소스 파일\3. 알고리즘\수학\소수</Filter>
    </ClCompile>
    <ClCompile Include="2485 - 가로수 - S4.cpp">
      <Filter>소스 파일\3. 알고리즘\수학\공배수/약수</Filter>
    </ClCompile>
    <ClCompile Include="15711 - 환상의 짝궁 - G4.cpp">
      <Filter>소스 파일\3. 알고리즘\수학\소수</Filter>
    </ClCompile>
    <ClCompile Include="2206 - 벽 부수고 이동하기 - G4 - 다시.cpp">
      <Filter>소스 파일\3. 알고리즘\그래프\BFS</Filter>
    </ClCompile>
    <ClCompile Include="2669 - B2.cpp">
      <Filter>소스 파일\3. 알고리즘\구현</Filter>
    </ClCompile>
    <ClCompile Include="map 활용.cpp">
      <Filter>소스 파일\카카오</Filter>
    </ClCompile>
    <ClCompile Include="2636 - 치즈.cpp">
      <Filter>소스 파일\3. 알고리즘\그래프\BFS</Filter>
    </ClCompile>
    <ClCompile Include="2583 - 영역 구하기.cpp">
      <Filter>소스 파일\3. 알고리즘\그래프\BFS</Filter>
    </ClCompile>
    <ClCompile Include="2529 - 부등호.cpp">
      <Filter>소스 파일\3. 알고리즘\그래프\백트래킹</Filter>
    </ClCompile>
    <ClCompile Include="1. 기본형.cpp">
      <Filter>소스 파일</Filter>
    </ClCompile>
    <ClCompile Include="2293 - 동전1.cpp">
      <Filter>소스 파일\3. 알고리즘\다이나믹 프로그래밍\Array</Filter>
    </ClCompile>
    <ClCompile Include="9466 - 텀 프로젝트.cpp">
      <Filter>소스 파일\3. 알고리즘\그래프\서클 찾기</Filter>
    </ClCompile>
    <ClCompile Include="1202 - 보석 도둑%28다시%29.cpp">
      <Filter>소스 파일\3. 알고리즘\그리디</Filter>
    </ClCompile>
    <ClCompile Include="4796 - 캠핑.cpp">
      <Filter>소스 파일\3. 알고리즘\그리디</Filter>
    </ClCompile>
    <ClCompile Include="1449 - 수리공 항승.cpp">
      <Filter>소스 파일\3. 알고리즘\그리디</Filter>
    </ClCompile>
    <ClCompile Include="11047 - 동전0.cpp">
      <Filter>소스 파일\3. 알고리즘\그리디</Filter>
    </ClCompile>
    <ClCompile Include="1097 - 마법의 단어.cpp">
      <Filter>소스 파일\3. 알고리즘\문자열</Filter>
    </ClCompile>
    <ClCompile Include="10972 - 순열.cpp">
      <Filter>소스 파일\3. 알고리즘\Permutation</Filter>
    </ClCompile>
    <ClCompile Include="10974 - 모든 순열.cpp">
      <Filter>소스 파일\3. 알고리즘\Permutation</Filter>
    </ClCompile>
    <ClCompile Include="10973 - 이전 순열.cpp">
      <Filter>소스 파일\3. 알고리즘\Permutation</Filter>
    </ClCompile>
    <ClCompile Include="9093 - 단어 뒤집기.cpp">
      <Filter>소스 파일\3. 알고리즘\문자열</Filter>
    </ClCompile>
    <ClCompile Include="17413 - 단어 뒤집기2.cpp">
      <Filter>소스 파일\3. 알고리즘\문자열</Filter>
    </ClCompile>
    <ClCompile Include="17298 - 오큰수.cpp">
      <Filter>소스 파일\3. 알고리즘\스택</Filter>
    </ClCompile>
    <ClCompile Include="17299 - 오등큰수.cpp">
      <Filter>소스 파일\3. 알고리즘\스택</Filter>
    </ClCompile>
    <ClCompile Include="10815 - 숫자 카드.cpp">
      <Filter>소스 파일\3. 알고리즘\이분 탐색</Filter>
    </ClCompile>
    <ClCompile Include="1935 - 후위 표기식2.cpp">
      <Filter>소스 파일\3. 알고리즘\스택</Filter>
    </ClCompile>
    <ClCompile Include="1918 - 후위 표기식%28다시%29.cpp">
      <Filter>소스 파일\3. 알고리즘\스택</Filter>
    </ClCompile>
    <ClCompile Include="5585 - 거스름돈.cpp">
      <Filter>소스 파일\3. 알고리즘\그리디</Filter>
    </ClCompile>
    <ClCompile Include="1294 - 문자열 장식%28다시. 개어렵..%29.cpp">
      <Filter>소스 파일\3. 알고리즘\그리디</Filter>
    </ClCompile>
    <ClCompile Include="1126 - 같은 탑%28다시%29.cpp">
      <Filter>소스 파일\3. 알고리즘\다이나믹 프로그래밍\Array</Filter>
    </ClCompile>
    <ClCompile Include="11003 - 최솟값 찾기.cpp">
      <Filter>소스 파일\3. 알고리즘\큐\우선순위 큐</Filter>
    </ClCompile>
    <ClCompile Include="1300 - K번 째 수%28다시%29.cpp">
      <Filter>소스 파일\3. 알고리즘\이분 탐색</Filter>
    </ClCompile>
    <ClCompile Include="2749 - 피보나치 수 3.cpp">
      <Filter>소스 파일\3. 알고리즘\행렬</Filter>
    </ClCompile>
    <ClCompile Include="11444 - 피보나치 수 6.cpp">
      <Filter>소스 파일\3. 알고리즘\행렬</Filter>
    </ClCompile>
    <ClCompile Include="행렬\1915 - 가장 큰 정사각형.cpp">
      <Filter>소스 파일\3. 알고리즘\다이나믹 프로그래밍\Array</Filter>
    </ClCompile>
    <ClCompile Include="2629 - 양팔저울.cpp">
      <Filter>소스 파일\3. 알고리즘\다이나믹 프로그래밍\Array</Filter>
    </ClCompile>
    <ClCompile Include="그래프\0 - 기본 형태.cpp">
      <Filter>소스 파일\3. 알고리즘\그래프\다익스트라</Filter>
    </ClCompile>
    <ClCompile Include="11404 - 플로이드.cpp">
      <Filter>소스 파일\3. 알고리즘\그래프\플로이드-와샬</Filter>
    </ClCompile>
    <ClCompile Include="그래프\1504 - 특정한 최단 경로.cpp">
      <Filter>소스 파일\3. 알고리즘\그래프\다익스트라</Filter>
    </ClCompile>
    <ClCompile Include="1261 - 알고스팟.cpp">
      <Filter>소스 파일\3. 알고리즘\그래프\BFS</Filter>
    </ClCompile>
    <ClCompile Include="그래프\13549 - 숨바꼭질 3.cpp">
      <Filter>소스 파일\3. 알고리즘\큐\우선순위 큐</Filter>
    </ClCompile>
    <ClCompile Include="그래프\16496 - 큰 수 만들기%28다시, 개어렵%29.cpp">
      <Filter>소스 파일\3. 알고리즘\그리디</Filter>
    </ClCompile>
    <ClCompile Include="10026 - 적록색약.cpp">
      <Filter>소스 파일\3. 알고리즘\그래프\BFS</Filter>
    </ClCompile>
    <ClCompile Include="14500 - 테트로미노.cpp">
      <Filter>소스 파일\3. 알고리즘\완전 정복</Filter>
    </ClCompile>
    <ClCompile Include="2581 - 소수.cpp">
      <Filter>소스 파일\3. 알고리즘\수학\소수</Filter>
    </ClCompile>
    <ClCompile Include="1854 - K번째 최단경로 찾기.cpp">
      <Filter>소스 파일\3. 알고리즘\그래프\다익스트라</Filter>
    </ClCompile>
    <ClCompile Include="5719 - 거의 최단 경로.cpp">
      <Filter>소스 파일\3. 알고리즘\그래프\다익스트라</Filter>
    </ClCompile>
    <ClCompile Include="14002 - LIS4%28다시%29.cpp">
      <Filter>소스 파일\3. 알고리즘\다이나믹 프로그래밍\부분수열</Filter>
    </ClCompile>
    <ClCompile Include="2568 - 전깃줄2%28다시%29.cpp">
      <Filter>소스 파일\3. 알고리즘\다이나믹 프로그래밍\부분수열</Filter>
    </ClCompile>
    <ClCompile Include="16234 - 인구 이동.cpp">
      <Filter>소스 파일\3. 알고리즘\그래프\BFS</Filter>
    </ClCompile>
    <ClCompile Include="1016 - 다시.cpp">
      <Filter>소스 파일\3. 알고리즘\구현</Filter>
    </ClCompile>
    <ClCompile Include="2188 - 축사 배정.cpp">
      <Filter>소스 파일\3. 알고리즘\이분매칭</Filter>
    </ClCompile>
    <ClCompile Include="9576 - 책 나눠주기.cpp">
      <Filter>소스 파일\3. 알고리즘\이분매칭</Filter>
    </ClCompile>
    <ClCompile Include="11375 - 열혈강호.cpp">
      <Filter>소스 파일\3. 알고리즘\이분매칭</Filter>
    </ClCompile>
    <ClCompile Include="1826 - 연료 채우기.cpp">
      <Filter>소스 파일\3. 알고리즘\완전 정복</Filter>
    </ClCompile>
    <ClCompile Include="1074.cpp">
      <Filter>소스 파일\3. 알고리즘\분할 정복</Filter>
    </ClCompile>
    <ClCompile Include="1629.cpp">
      <Filter>소스 파일\3. 알고리즘\분할 정복</Filter>
    </ClCompile>
    <ClCompile Include="1725 - 히스토그램%28다시%29.cpp">
      <Filter>소스 파일\3. 알고리즘\분할 정복</Filter>
    </ClCompile>
    <ClCompile Include="1780.cpp">
      <Filter>소스 파일\3. 알고리즘\분할 정복</Filter>
    </ClCompile>
    <ClCompile Include="1992 - 다시 풀어보기.cpp">
      <Filter>소스 파일\3. 알고리즘\분할 정복</Filter>
    </ClCompile>
    <ClCompile Include="2104 - 다시 풀어보기.cpp">
      <Filter>소스 파일\3. 알고리즘\분할 정복</Filter>
    </ClCompile>
    <ClCompile Include="2263 - 트리의 순회%28다시%29.cpp">
      <Filter>소스 파일\3. 알고리즘\분할 정복</Filter>
    </ClCompile>
    <ClCompile Include="2447.cpp">
      <Filter>소스 파일\3. 알고리즘\분할 정복</Filter>
    </ClCompile>
    <ClCompile Include="2448.cpp">
      <Filter>소스 파일\3. 알고리즘\분할 정복</Filter>
    </ClCompile>
    <ClCompile Include="2630.cpp">
      <Filter>소스 파일\3. 알고리즘\분할 정복</Filter>
    </ClCompile>
    <ClCompile Include="6549 - 히스토그램에서 가장 큰 직사각형.cpp">
      <Filter>소스 파일\3. 알고리즘\분할 정복</Filter>
    </ClCompile>
    <ClCompile Include="1422 - 숫자의 신.cpp">
      <Filter>소스 파일\3. 알고리즘\구현</Filter>
    </ClCompile>
    <ClCompile Include="1939 - 중량제한.cpp">
      <Filter>소스 파일\3. 알고리즘\이분 탐색</Filter>
    </ClCompile>
    <ClCompile Include="2585 - 경비행기.cpp">
      <Filter>소스 파일\3. 알고리즘\이분 탐색</Filter>
    </ClCompile>
    <ClCompile Include="3090 - 차이를 최소로.cpp">
      <Filter>소스 파일\3. 알고리즘\이분 탐색</Filter>
    </ClCompile>
    <ClCompile Include="1786 - 찾기.cpp">
      <Filter>소스 파일\3. 알고리즘\문자열</Filter>
    </ClCompile>
    <ClCompile Include="1305 - 광고.cpp">
      <Filter>소스 파일\3. 알고리즘\문자열</Filter>
    </ClCompile>
    <ClCompile Include="13305 - 주유소.cpp">
      <Filter>소스 파일\3. 알고리즘\그리디</Filter>
    </ClCompile>
    <ClCompile Include="2023 - 신기한 소수.cpp">
      <Filter>소스 파일\3. 알고리즘\수학\소수</Filter>
    </ClCompile>
    <ClCompile Include="1630 - 오민식.cpp">
      <Filter>소스 파일\3. 알고리즘\수학\소수</Filter>
    </ClCompile>
    <ClCompile Include="1747 - 소수, 팰린드롬.cpp">
      <Filter>소스 파일\3. 알고리즘\수학\소수</Filter>
    </ClCompile>
    <ClCompile Include="3079 - 입국심사.cpp">
      <Filter>소스 파일\3. 알고리즘\이분 탐색</Filter>
    </ClCompile>
    <ClCompile Include="1890 - 점프.cpp">
      <Filter>소스 파일\3. 알고리즘\다이나믹 프로그래밍\Array</Filter>
    </ClCompile>
    <ClCompile Include="1168 - 요세푸스 문제2.cpp">
      <Filter>소스 파일\3. 알고리즘\Segment tree</Filter>
    </ClCompile>
    <ClCompile Include="12899 - 데이터의 구조.cpp">
      <Filter>소스 파일\3. 알고리즘\Segment tree</Filter>
    </ClCompile>
    <ClCompile Include="1517 - 버블 소트.cpp">
      <Filter>소스 파일\3. 알고리즘\Segment tree\Inversion Counting</Filter>
    </ClCompile>
    <ClCompile Include="1343 - 폴리오미노.cpp">
      <Filter>소스 파일\3. 알고리즘\구현</Filter>
    </ClCompile>
    <ClCompile Include="1389 - 케빈 베이컨의 6단계 법칙.cpp">
      <Filter>소스 파일\3. 알고리즘\그래프\플로이드-와샬</Filter>
    </ClCompile>
    <ClCompile Include="1684 - 같은 나머지.cpp">
      <Filter>소스 파일\3. 알고리즘\수학\공배수/약수</Filter>
    </ClCompile>
    <ClCompile Include="1736 - 쓰레기 치우기.cpp">
      <Filter>소스 파일\3. 알고리즘\그리디</Filter>
    </ClCompile>
    <ClCompile Include="1208 - 부분수열의 합2.cpp">
      <Filter>소스 파일\3. 알고리즘\이분 탐색</Filter>
    </ClCompile>
    <ClCompile Include="1182 - 부분수열의 합.cpp">
      <Filter>소스 파일\3. 알고리즘\완전 정복</Filter>
    </ClCompile>
    <ClCompile Include="1976 - 여행 가자.cpp">
      <Filter>소스 파일\3. 알고리즘\집합</Filter>
    </ClCompile>
    <ClCompile Include="1717 - 집합의 표현.cpp">
      <Filter>소스 파일\3. 알고리즘\집합</Filter>
    </ClCompile>
    <ClCompile Include="1043 - 거짓말.cpp">
      <Filter>소스 파일\3. 알고리즘\집합</Filter>
    </ClCompile>
  </ItemGroup>
  <ItemGroup>
    <Text Include="2. 주의할 점.txt">
      <Filter>소스 파일</Filter>
    </Text>
    <Text Include="1. 정리.txt">
      <Filter>소스 파일</Filter>
    </Text>
    <Text Include="3. 진도.txt">
      <Filter>소스 파일</Filter>
    </Text>
    <Text Include="알고리즘 설명.txt">
      <Filter>소스 파일\3. 알고리즘\Permutation</Filter>
    </Text>
    <Text Include="설명.txt">
      <Filter>소스 파일\3. 알고리즘\그리디</Filter>
    </Text>
    <Text Include="정리.txt">
      <Filter>소스 파일\3. 알고리즘\이분 탐색</Filter>
    </Text>
    <Text Include="행렬\정리.txt">
      <Filter>소스 파일\3. 알고리즘\행렬</Filter>
    </Text>
  </ItemGroup>
</Project>